
Microsoft Visual Studio Solution File, Format Version 12.00
# Visual Studio Version 17
VisualStudioVersion = 17.11.35222.181
MinimumVisualStudioVersion = 10.0.40219.1
Project("{FAE04EC0-301F-11D3-BF4B-00C04F79EFBC}") = "ScratchOffInventory", "ScratchOffInventory\ScratchOffInventory.csproj", "{CA906AE0-8C4F-4CDF-92BF-203C114E42CD}"
EndProject
Global
	GlobalSection(SolutionConfigurationPlatforms) = preSolution
		Debug|Any CPU = Debug|Any CPU
		Release|Any CPU = Release|Any CPU
	EndGlobalSection
	GlobalSection(ProjectConfigurationPlatforms) = postSolution
		{CA906AE0-8C4F-4CDF-92BF-203C114E42CD}.Debug|Any CPU.ActiveCfg = Debug|Any CPU
		{CA906AE0-8C4F-4CDF-92BF-203C114E42CD}.Debug|Any CPU.Build.0 = Debug|Any CPU
		{CA906AE0-8C4F-4CDF-92BF-203C114E42CD}.Debug|Any CPU.Deploy.0 = Debug|Any CPU
		{CA906AE0-8C4F-4CDF-92BF-203C114E42CD}.Release|Any CPU.ActiveCfg = Release|Any CPU
		{CA906AE0-8C4F-4CDF-92BF-203C114E42CD}.Release|Any CPU.Build.0 = Release|Any CPU
		{CA906AE0-8C4F-4CDF-92BF-203C114E42CD}.Release|Any CPU.Deploy.0 = Release|Any CPU
	EndGlobalSection
	GlobalSection(SolutionProperties) = preSolution
		HideSolutionNode = FALSE
	EndGlobalSection
	GlobalSection(ExtensibilityGlobals) = postSolution
		SolutionGuid = {94BB2B18-25CA-49D5-AE85-12B758E3A8F1}
	EndGlobalSection
EndGlobal
